
Microsoft Visual Studio Solution File, Format Version 12.00
# Visual Studio Version 17
VisualStudioVersion = 17.3.32929.385
MinimumVisualStudioVersion = 10.0.40219.1
Project("{FAE04EC0-301F-11D3-BF4B-00C04F79EFBC}") = "Proyecto", "Proyecto\Proyecto.csproj", "{2BFE586B-B842-4EED-AACA-8BD94A6698D5}"
EndProject
Project("{FAE04EC0-301F-11D3-BF4B-00C04F79EFBC}") = "TestProyecto", "TestProyecto\TestProyecto.csproj", "{F4B4111D-D6A2-4EDF-991A-36AEA558BA96}"
EndProject
Global
	GlobalSection(SolutionConfigurationPlatforms) = preSolution
		Debug|Any CPU = Debug|Any CPU
		Release|Any CPU = Release|Any CPU
	EndGlobalSection
	GlobalSection(ProjectConfigurationPlatforms) = postSolution
		{2BFE586B-B842-4EED-AACA-8BD94A6698D5}.Debug|Any CPU.ActiveCfg = Debug|Any CPU
		{2BFE586B-B842-4EED-AACA-8BD94A6698D5}.Debug|Any CPU.Build.0 = Debug|Any CPU
		{2BFE586B-B842-4EED-AACA-8BD94A6698D5}.Release|Any CPU.ActiveCfg = Release|Any CPU
		{2BFE586B-B842-4EED-AACA-8BD94A6698D5}.Release|Any CPU.Build.0 = Release|Any CPU
		{F4B4111D-D6A2-4EDF-991A-36AEA558BA96}.Debug|Any CPU.ActiveCfg = Debug|Any CPU
		{F4B4111D-D6A2-4EDF-991A-36AEA558BA96}.Debug|Any CPU.Build.0 = Debug|Any CPU
		{F4B4111D-D6A2-4EDF-991A-36AEA558BA96}.Release|Any CPU.ActiveCfg = Release|Any CPU
		{F4B4111D-D6A2-4EDF-991A-36AEA558BA96}.Release|Any CPU.Build.0 = Release|Any CPU
	EndGlobalSection
	GlobalSection(SolutionProperties) = preSolution
		HideSolutionNode = FALSE
	EndGlobalSection
	GlobalSection(ExtensibilityGlobals) = postSolution
		SolutionGuid = {8AF0A8BC-4511-4EAC-BA47-C9E00A64695A}
	EndGlobalSection
EndGlobal
